
Microsoft Visual Studio Solution File, Format Version 12.00
# Visual Studio Version 16
VisualStudioVersion = 16.0.30114.105
MinimumVisualStudioVersion = 10.0.40219.1
Project("{FAE04EC0-301F-11D3-BF4B-00C04F79EFBC}") = "depth-estimate-gui", "src\depth-estimate-gui.csproj", "{A88DE550-F6F7-413C-96EA-FA9F163039D8}"
EndProject
Project("{FAE04EC0-301F-11D3-BF4B-00C04F79EFBC}") = "build", "build\build.csproj", "{0B50DF90-D796-47BE-A93A-C59D3748F1DC}"
EndProject
Global
	GlobalSection(SolutionConfigurationPlatforms) = preSolution
		Debug|Any CPU = Debug|Any CPU
		Release|Any CPU = Release|Any CPU
	EndGlobalSection
	GlobalSection(SolutionProperties) = preSolution
		HideSolutionNode = FALSE
	EndGlobalSection
	GlobalSection(ProjectConfigurationPlatforms) = postSolution
		{A88DE550-F6F7-413C-96EA-FA9F163039D8}.Debug|Any CPU.ActiveCfg = Debug|Any CPU
		{A88DE550-F6F7-413C-96EA-FA9F163039D8}.Debug|Any CPU.Build.0 = Debug|Any CPU
		{A88DE550-F6F7-413C-96EA-FA9F163039D8}.Release|Any CPU.ActiveCfg = Release|Any CPU
		{A88DE550-F6F7-413C-96EA-FA9F163039D8}.Release|Any CPU.Build.0 = Release|Any CPU
		{0B50DF90-D796-47BE-A93A-C59D3748F1DC}.Debug|Any CPU.ActiveCfg = Debug|Any CPU
		{0B50DF90-D796-47BE-A93A-C59D3748F1DC}.Debug|Any CPU.Build.0 = Debug|Any CPU
		{0B50DF90-D796-47BE-A93A-C59D3748F1DC}.Release|Any CPU.ActiveCfg = Release|Any CPU
		{0B50DF90-D796-47BE-A93A-C59D3748F1DC}.Release|Any CPU.Build.0 = Release|Any CPU
	EndGlobalSection
EndGlobal
